# THIS IS AN AUTOGENERATED FILE. DO NOT EDIT THIS FILE DIRECTLY.
# yarn lockfile v1


wumpfetch@0.2.13:
  version "0.2.13"
  resolved "https://registry.yarnpkg.com/wumpfetch/-/wumpfetch-0.2.13.tgz#7bd0cb41dafddb2be0a813dd9576d3ad919297ef"
  integrity sha512-ALWw6oDSdk6oYqrJuffQjzTPicYgzTR1sLgX+SMgnXZQTikuM8hFhznSMmIoa+qVCiUaLYtjhSkS2SE/BTRyxw==
